
Microsoft Visual Studio Solution File, Format Version 12.00
# Visual Studio Version 17
VisualStudioVersion = 17.9.34728.123
MinimumVisualStudioVersion = 10.0.40219.1
Project("{9A19103F-16F7-4668-BE54-9A1E7A4F7556}") = "tesvolt.web.app", "tesvolt.web.app\tesvolt.web.app.csproj", "{6AA077A0-5BA5-4B47-ABC7-C419F120B60A}"
EndProject
Project("{9A19103F-16F7-4668-BE54-9A1E7A4F7556}") = "tesvolt.dbmodels.app", "tesvolt.dbmodels.app\tesvolt.dbmodels.app.csproj", "{5EECA635-0BFA-4828-B21C-901FE8F4E190}"
EndProject
Project("{9A19103F-16F7-4668-BE54-9A1E7A4F7556}") = "tesvolt.repository.app", "tesvolt.repository.app\tesvolt.repository.app.csproj", "{6D02F22F-E415-49F8-A01A-C068A15E77BB}"
EndProject
Project("{9A19103F-16F7-4668-BE54-9A1E7A4F7556}") = "tesvolt.service.app", "tesvolt.service.app\tesvolt.service.app.csproj", "{BBD9336D-22FA-4AC9-8385-8A25AB5DD262}"
EndProject
Project("{FAE04EC0-301F-11D3-BF4B-00C04F79EFBC}") = "tesvolt.mutator.konsole", "tesvolt.mutator.konsole\tesvolt.mutator.konsole.csproj", "{FE63B4F9-505E-406A-B821-364ED982DCE9}"
EndProject
Global
	GlobalSection(SolutionConfigurationPlatforms) = preSolution
		Debug|Any CPU = Debug|Any CPU
		Release|Any CPU = Release|Any CPU
	EndGlobalSection
	GlobalSection(ProjectConfigurationPlatforms) = postSolution
		{6AA077A0-5BA5-4B47-ABC7-C419F120B60A}.Debug|Any CPU.ActiveCfg = Debug|Any CPU
		{6AA077A0-5BA5-4B47-ABC7-C419F120B60A}.Debug|Any CPU.Build.0 = Debug|Any CPU
		{6AA077A0-5BA5-4B47-ABC7-C419F120B60A}.Release|Any CPU.ActiveCfg = Release|Any CPU
		{6AA077A0-5BA5-4B47-ABC7-C419F120B60A}.Release|Any CPU.Build.0 = Release|Any CPU
		{5EECA635-0BFA-4828-B21C-901FE8F4E190}.Debug|Any CPU.ActiveCfg = Debug|Any CPU
		{5EECA635-0BFA-4828-B21C-901FE8F4E190}.Debug|Any CPU.Build.0 = Debug|Any CPU
		{5EECA635-0BFA-4828-B21C-901FE8F4E190}.Release|Any CPU.ActiveCfg = Release|Any CPU
		{5EECA635-0BFA-4828-B21C-901FE8F4E190}.Release|Any CPU.Build.0 = Release|Any CPU
		{6D02F22F-E415-49F8-A01A-C068A15E77BB}.Debug|Any CPU.ActiveCfg = Debug|Any CPU
		{6D02F22F-E415-49F8-A01A-C068A15E77BB}.Debug|Any CPU.Build.0 = Debug|Any CPU
		{6D02F22F-E415-49F8-A01A-C068A15E77BB}.Release|Any CPU.ActiveCfg = Release|Any CPU
		{6D02F22F-E415-49F8-A01A-C068A15E77BB}.Release|Any CPU.Build.0 = Release|Any CPU
		{BBD9336D-22FA-4AC9-8385-8A25AB5DD262}.Debug|Any CPU.ActiveCfg = Debug|Any CPU
		{BBD9336D-22FA-4AC9-8385-8A25AB5DD262}.Debug|Any CPU.Build.0 = Debug|Any CPU
		{BBD9336D-22FA-4AC9-8385-8A25AB5DD262}.Release|Any CPU.ActiveCfg = Release|Any CPU
		{BBD9336D-22FA-4AC9-8385-8A25AB5DD262}.Release|Any CPU.Build.0 = Release|Any CPU
		{FE63B4F9-505E-406A-B821-364ED982DCE9}.Debug|Any CPU.ActiveCfg = Debug|Any CPU
		{FE63B4F9-505E-406A-B821-364ED982DCE9}.Debug|Any CPU.Build.0 = Debug|Any CPU
		{FE63B4F9-505E-406A-B821-364ED982DCE9}.Release|Any CPU.ActiveCfg = Release|Any CPU
		{FE63B4F9-505E-406A-B821-364ED982DCE9}.Release|Any CPU.Build.0 = Release|Any CPU
	EndGlobalSection
	GlobalSection(SolutionProperties) = preSolution
		HideSolutionNode = FALSE
	EndGlobalSection
	GlobalSection(ExtensibilityGlobals) = postSolution
		SolutionGuid = {8E85AE4D-5BCB-4819-9162-BC0143CE27D4}
	EndGlobalSection
EndGlobal
